
Microsoft Visual Studio Solution File, Format Version 12.00
# Visual Studio Version 17
VisualStudioVersion = 17.9.34728.123
MinimumVisualStudioVersion = 10.0.40219.1
Project("{FAE04EC0-301F-11D3-BF4B-00C04F79EFBC}") = "ProductService", "ProductService\ProductService.csproj", "{8DB3260A-6EEB-4449-A802-B4CA4015EB86}"
EndProject
Global
	GlobalSection(SolutionConfigurationPlatforms) = preSolution
		Debug|Any CPU = Debug|Any CPU
		Release|Any CPU = Release|Any CPU
	EndGlobalSection
	GlobalSection(ProjectConfigurationPlatforms) = postSolution
		{8DB3260A-6EEB-4449-A802-B4CA4015EB86}.Debug|Any CPU.ActiveCfg = Debug|Any CPU
		{8DB3260A-6EEB-4449-A802-B4CA4015EB86}.Debug|Any CPU.Build.0 = Debug|Any CPU
		{8DB3260A-6EEB-4449-A802-B4CA4015EB86}.Release|Any CPU.ActiveCfg = Release|Any CPU
		{8DB3260A-6EEB-4449-A802-B4CA4015EB86}.Release|Any CPU.Build.0 = Release|Any CPU
	EndGlobalSection
	GlobalSection(SolutionProperties) = preSolution
		HideSolutionNode = FALSE
	EndGlobalSection
	GlobalSection(ExtensibilityGlobals) = postSolution
		SolutionGuid = {F284CF63-7506-4E98-A53C-F3164F1D5679}
	EndGlobalSection
EndGlobal
